
Microsoft Visual Studio Solution File, Format Version 12.00
# Visual Studio 15
VisualStudioVersion = 15.0.27703.2042
MinimumVisualStudioVersion = 10.0.40219.1
Project("{FAE04EC0-301F-11D3-BF4B-00C04F79EFBC}") = "HeartswayBaptist", "HeartswayBaptist\HeartswayBaptist.csproj", "{126EA409-5D65-4B35-8417-FD0E4502C6FD}"
EndProject
Global
	GlobalSection(SolutionConfigurationPlatforms) = preSolution
		Debug|Any CPU = Debug|Any CPU
		Release|Any CPU = Release|Any CPU
	EndGlobalSection
	GlobalSection(ProjectConfigurationPlatforms) = postSolution
		{126EA409-5D65-4B35-8417-FD0E4502C6FD}.Debug|Any CPU.ActiveCfg = Debug|Any CPU
		{126EA409-5D65-4B35-8417-FD0E4502C6FD}.Debug|Any CPU.Build.0 = Debug|Any CPU
		{126EA409-5D65-4B35-8417-FD0E4502C6FD}.Release|Any CPU.ActiveCfg = Release|Any CPU
		{126EA409-5D65-4B35-8417-FD0E4502C6FD}.Release|Any CPU.Build.0 = Release|Any CPU
	EndGlobalSection
	GlobalSection(SolutionProperties) = preSolution
		HideSolutionNode = FALSE
	EndGlobalSection
	GlobalSection(ExtensibilityGlobals) = postSolution
		SolutionGuid = {F9062D68-1E48-4591-A366-41DBE11C8559}
	EndGlobalSection
EndGlobal
